{
  "object": {
    "pins": [
      {
        "package": "ImagePicker",
        "repositoryURL": "https://github.com/muk-y/ImagePicker.git",
        "state": {
          "branch": "main",
          "revision": "2c82cc7559f722100d8f170cdfb68dc52564aa54",
          "version": null
        }
      }
    ]
  },
  "version": 1
}
